
Microsoft Visual Studio Solution File, Format Version 12.00
# Visual Studio Version 16
VisualStudioVersion = 16.0.29613.14
MinimumVisualStudioVersion = 10.0.40219.1
Project("{FAE04EC0-301F-11D3-BF4B-00C04F79EFBC}") = "Formats", "Formats\Formats.csproj", "{0230DA36-59C1-419C-8C2A-A1469C33C763}"
EndProject
Project("{FAE04EC0-301F-11D3-BF4B-00C04F79EFBC}") = "DATUnpack", "DATUnpack\DATUnpack.csproj", "{9A65D41C-85CA-48AC-9BC5-706379DD02AF}"
EndProject
Project("{FAE04EC0-301F-11D3-BF4B-00C04F79EFBC}") = "TX2toPNG", "TX2toPNG\TX2toPNG.csproj", "{8E0B6526-AFF3-4F2B-A921-FB4AA5B6C649}"
EndProject
Project("{FAE04EC0-301F-11D3-BF4B-00C04F79EFBC}") = "OM2toOBJ", "OM2toOBJ\OM2toOBJ.csproj", "{7B34A33C-3431-4688-82F5-E0189EC61199}"
EndProject
Project("{FAE04EC0-301F-11D3-BF4B-00C04F79EFBC}") = "OMDtoOBJ", "OMDtoOBJ\OMDtoOBJ.csproj", "{C9E7C7CD-CAF3-47E6-A707-CA0A9DD9F635}"
EndProject
Project("{FAE04EC0-301F-11D3-BF4B-00C04F79EFBC}") = "CHRUnpack", "CHRUnpack\CHRUnpack.csproj", "{CEF77D6E-39BE-4B4F-AA50-24D40DE55410}"
EndProject
Project("{FAE04EC0-301F-11D3-BF4B-00C04F79EFBC}") = "MAPUnpack", "MAPUnpack\MAPUnpack.csproj", "{7AA1F5BE-354C-45C3-B5AD-3B86D6285B6A}"
EndProject
Project("{FAE04EC0-301F-11D3-BF4B-00C04F79EFBC}") = "MODUnpack", "MODUnpack\MODUnpack.csproj", "{86A56F3A-E893-464D-950B-F51D1A9F9E18}"
EndProject
Project("{FAE04EC0-301F-11D3-BF4B-00C04F79EFBC}") = "TM2toPNG", "TM2toPNG\TM2toPNG.csproj", "{08B63053-EE90-4C09-805F-E6B48A2ED41E}"
EndProject
Project("{FAE04EC0-301F-11D3-BF4B-00C04F79EFBC}") = "TXCDump", "TXCDump\TXCDump.csproj", "{A6CCC782-C630-4213-AC93-36BF83B91B29}"
EndProject
Global
	GlobalSection(SolutionConfigurationPlatforms) = preSolution
		Debug|Any CPU = Debug|Any CPU
		Release|Any CPU = Release|Any CPU
	EndGlobalSection
	GlobalSection(ProjectConfigurationPlatforms) = postSolution
		{0230DA36-59C1-419C-8C2A-A1469C33C763}.Debug|Any CPU.ActiveCfg = Debug|Any CPU
		{0230DA36-59C1-419C-8C2A-A1469C33C763}.Debug|Any CPU.Build.0 = Debug|Any CPU
		{0230DA36-59C1-419C-8C2A-A1469C33C763}.Release|Any CPU.ActiveCfg = Release|Any CPU
		{0230DA36-59C1-419C-8C2A-A1469C33C763}.Release|Any CPU.Build.0 = Release|Any CPU
		{9A65D41C-85CA-48AC-9BC5-706379DD02AF}.Debug|Any CPU.ActiveCfg = Debug|Any CPU
		{9A65D41C-85CA-48AC-9BC5-706379DD02AF}.Debug|Any CPU.Build.0 = Debug|Any CPU
		{9A65D41C-85CA-48AC-9BC5-706379DD02AF}.Release|Any CPU.ActiveCfg = Release|Any CPU
		{9A65D41C-85CA-48AC-9BC5-706379DD02AF}.Release|Any CPU.Build.0 = Release|Any CPU
		{8E0B6526-AFF3-4F2B-A921-FB4AA5B6C649}.Debug|Any CPU.ActiveCfg = Debug|Any CPU
		{8E0B6526-AFF3-4F2B-A921-FB4AA5B6C649}.Debug|Any CPU.Build.0 = Debug|Any CPU
		{8E0B6526-AFF3-4F2B-A921-FB4AA5B6C649}.Release|Any CPU.ActiveCfg = Release|Any CPU
		{8E0B6526-AFF3-4F2B-A921-FB4AA5B6C649}.Release|Any CPU.Build.0 = Release|Any CPU
		{7B34A33C-3431-4688-82F5-E0189EC61199}.Debug|Any CPU.ActiveCfg = Debug|Any CPU
		{7B34A33C-3431-4688-82F5-E0189EC61199}.Debug|Any CPU.Build.0 = Debug|Any CPU
		{7B34A33C-3431-4688-82F5-E0189EC61199}.Release|Any CPU.ActiveCfg = Release|Any CPU
		{7B34A33C-3431-4688-82F5-E0189EC61199}.Release|Any CPU.Build.0 = Release|Any CPU
		{C9E7C7CD-CAF3-47E6-A707-CA0A9DD9F635}.Debug|Any CPU.ActiveCfg = Debug|Any CPU
		{C9E7C7CD-CAF3-47E6-A707-CA0A9DD9F635}.Debug|Any CPU.Build.0 = Debug|Any CPU
		{C9E7C7CD-CAF3-47E6-A707-CA0A9DD9F635}.Release|Any CPU.ActiveCfg = Release|Any CPU
		{C9E7C7CD-CAF3-47E6-A707-CA0A9DD9F635}.Release|Any CPU.Build.0 = Release|Any CPU
		{CEF77D6E-39BE-4B4F-AA50-24D40DE55410}.Debug|Any CPU.ActiveCfg = Debug|Any CPU
		{CEF77D6E-39BE-4B4F-AA50-24D40DE55410}.Debug|Any CPU.Build.0 = Debug|Any CPU
		{CEF77D6E-39BE-4B4F-AA50-24D40DE55410}.Release|Any CPU.ActiveCfg = Release|Any CPU
		{CEF77D6E-39BE-4B4F-AA50-24D40DE55410}.Release|Any CPU.Build.0 = Release|Any CPU
		{7AA1F5BE-354C-45C3-B5AD-3B86D6285B6A}.Debug|Any CPU.ActiveCfg = Debug|Any CPU
		{7AA1F5BE-354C-45C3-B5AD-3B86D6285B6A}.Debug|Any CPU.Build.0 = Debug|Any CPU
		{7AA1F5BE-354C-45C3-B5AD-3B86D6285B6A}.Release|Any CPU.ActiveCfg = Release|Any CPU
		{7AA1F5BE-354C-45C3-B5AD-3B86D6285B6A}.Release|Any CPU.Build.0 = Release|Any CPU
		{86A56F3A-E893-464D-950B-F51D1A9F9E18}.Debug|Any CPU.ActiveCfg = Debug|Any CPU
		{86A56F3A-E893-464D-950B-F51D1A9F9E18}.Debug|Any CPU.Build.0 = Debug|Any CPU
		{86A56F3A-E893-464D-950B-F51D1A9F9E18}.Release|Any CPU.ActiveCfg = Release|Any CPU
		{86A56F3A-E893-464D-950B-F51D1A9F9E18}.Release|Any CPU.Build.0 = Release|Any CPU
		{08B63053-EE90-4C09-805F-E6B48A2ED41E}.Debug|Any CPU.ActiveCfg = Debug|Any CPU
		{08B63053-EE90-4C09-805F-E6B48A2ED41E}.Debug|Any CPU.Build.0 = Debug|Any CPU
		{08B63053-EE90-4C09-805F-E6B48A2ED41E}.Release|Any CPU.ActiveCfg = Release|Any CPU
		{08B63053-EE90-4C09-805F-E6B48A2ED41E}.Release|Any CPU.Build.0 = Release|Any CPU
		{A6CCC782-C630-4213-AC93-36BF83B91B29}.Debug|Any CPU.ActiveCfg = Debug|Any CPU
		{A6CCC782-C630-4213-AC93-36BF83B91B29}.Debug|Any CPU.Build.0 = Debug|Any CPU
		{A6CCC782-C630-4213-AC93-36BF83B91B29}.Release|Any CPU.ActiveCfg = Release|Any CPU
		{A6CCC782-C630-4213-AC93-36BF83B91B29}.Release|Any CPU.Build.0 = Release|Any CPU
	EndGlobalSection
	GlobalSection(SolutionProperties) = preSolution
		HideSolutionNode = FALSE
	EndGlobalSection
	GlobalSection(ExtensibilityGlobals) = postSolution
		SolutionGuid = {66B47ECA-B7BD-4308-8089-71C235FD9723}
	EndGlobalSection
EndGlobal
